// !$*UTF8*$!
{
	archiveVersion = 1;
	classes = {
	};
	objectVersion = 56;
	objects = {

/* Begin PBXBuildFile section */
		58F52B5E27F8739BAD34AF99 /* Pods_Howdy_HowdyUITests.framework in Frameworks */ = {isa = PBXBuildFile; fileRef = BBF45FCB37C5F86E1A0F0D97 /* Pods_Howdy_HowdyUITests.framework */; };
		CB0793022AE45C7800E48145 /* SignUpViewController.storyboard in Resources */ = {isa = PBXBuildFile; fileRef = CB0793012AE45C7800E48145 /* SignUpViewController.storyboard */; };
		CB07930E2AE5013000E48145 /* SignInViewController.storyboard in Resources */ = {isa = PBXBuildFile; fileRef = CB07930D2AE5013000E48145 /* SignInViewController.storyboard */; };
		CB0793102AE5099900E48145 /* PasswordForgottenViewController.storyboard in Resources */ = {isa = PBXBuildFile; fileRef = CB07930F2AE5099900E48145 /* PasswordForgottenViewController.storyboard */; };
		CB0793122AE50EC500E48145 /* TopViewController.storyboard in Resources */ = {isa = PBXBuildFile; fileRef = CB0793112AE50EC500E48145 /* TopViewController.storyboard */; };
		CB0793142AE5148E00E48145 /* RecordViewController.storyboard in Resources */ = {isa = PBXBuildFile; fileRef = CB0793132AE5148E00E48145 /* RecordViewController.storyboard */; };
		CB0793162AE5208600E48145 /* SettingViewController.storyboard in Resources */ = {isa = PBXBuildFile; fileRef = CB0793152AE5208600E48145 /* SettingViewController.storyboard */; };
		CB07931A2AE5245500E48145 /* PasswordChangeViewController.storyboard in Resources */ = {isa = PBXBuildFile; fileRef = CB0793192AE5245500E48145 /* PasswordChangeViewController.storyboard */; };
		CB07931C2AE53F4300E48145 /* SignInViewController.swift in Sources */ = {isa = PBXBuildFile; fileRef = CB07931B2AE53F4300E48145 /* SignInViewController.swift */; };
		CB07931E2AE53F5900E48145 /* SignUpViewController.swift in Sources */ = {isa = PBXBuildFile; fileRef = CB07931D2AE53F5900E48145 /* SignUpViewController.swift */; };
		CB0793202AE53F8300E48145 /* PasswordForgottenViewController.swift in Sources */ = {isa = PBXBuildFile; fileRef = CB07931F2AE53F8300E48145 /* PasswordForgottenViewController.swift */; };
		CB0793222AE53FAF00E48145 /* TopViewController.swift in Sources */ = {isa = PBXBuildFile; fileRef = CB0793212AE53FAF00E48145 /* TopViewController.swift */; };
		CB0793242AE53FC400E48145 /* RecordViewController.swift in Sources */ = {isa = PBXBuildFile; fileRef = CB0793232AE53FC400E48145 /* RecordViewController.swift */; };
		CB0793262AE53FCF00E48145 /* SettingViewController.swift in Sources */ = {isa = PBXBuildFile; fileRef = CB0793252AE53FCF00E48145 /* SettingViewController.swift */; };
		CB07932A2AE5401A00E48145 /* PasswordChangeViewController.swift in Sources */ = {isa = PBXBuildFile; fileRef = CB0793292AE5401A00E48145 /* PasswordChangeViewController.swift */; };
		CB1D5E112B00C6FD003B1D7C /* UsernameData.swift in Sources */ = {isa = PBXBuildFile; fileRef = CB1D5E102B00C6FD003B1D7C /* UsernameData.swift */; };
		CB4DB6562B24D688000285A9 /* MyIDConfirmViewController.swift in Sources */ = {isa = PBXBuildFile; fileRef = CB4DB6552B24D688000285A9 /* MyIDConfirmViewController.swift */; };
		CB4DB6582B24D6A6000285A9 /* MyIDConfirmViewController.storyboard in Resources */ = {isa = PBXBuildFile; fileRef = CB4DB6572B24D6A6000285A9 /* MyIDConfirmViewController.storyboard */; };
		CB5086A62AFFE0BF004BA42E /* GoogleService-Info.plist in Resources */ = {isa = PBXBuildFile; fileRef = CB5086A52AFFE0BF004BA42E /* GoogleService-Info.plist */; };
		CB5555782AD8305600784E9E /* AppDelegate.swift in Sources */ = {isa = PBXBuildFile; fileRef = CB5555772AD8305600784E9E /* AppDelegate.swift */; };
		CB5555812AD8305800784E9E /* Assets.xcassets in Resources */ = {isa = PBXBuildFile; fileRef = CB5555802AD8305800784E9E /* Assets.xcassets */; };
		CB5555842AD8305800784E9E /* LaunchScreen.storyboard in Resources */ = {isa = PBXBuildFile; fileRef = CB5555822AD8305800784E9E /* LaunchScreen.storyboard */; };
		CB55558F2AD8305900784E9E /* HowdyTests.swift in Sources */ = {isa = PBXBuildFile; fileRef = CB55558E2AD8305900784E9E /* HowdyTests.swift */; };
		CB5555992AD8305900784E9E /* HowdyUITests.swift in Sources */ = {isa = PBXBuildFile; fileRef = CB5555982AD8305900784E9E /* HowdyUITests.swift */; };
		CB55559B2AD8305900784E9E /* HowdyUITestsLaunchTests.swift in Sources */ = {isa = PBXBuildFile; fileRef = CB55559A2AD8305900784E9E /* HowdyUITestsLaunchTests.swift */; };
		CB59E9962AF67C61005020F0 /* UIViewController+BasicSetting.swift in Sources */ = {isa = PBXBuildFile; fileRef = CB59E9952AF67C61005020F0 /* UIViewController+BasicSetting.swift */; };
		CB5AE6D62AF66AFE0005258A /* SettingTableViewCell.xib in Resources */ = {isa = PBXBuildFile; fileRef = CB5AE6D22AF66AFE0005258A /* SettingTableViewCell.xib */; };
		CB5AE6D72AF66AFE0005258A /* SettingTableViewCell.swift in Sources */ = {isa = PBXBuildFile; fileRef = CB5AE6D32AF66AFE0005258A /* SettingTableViewCell.swift */; };
		CB5AE6D82AF66AFE0005258A /* VoiceMessageTableViewCell.xib in Resources */ = {isa = PBXBuildFile; fileRef = CB5AE6D42AF66AFE0005258A /* VoiceMessageTableViewCell.xib */; };
		CB5AE6D92AF66AFE0005258A /* VoiceMessageTableViewCell.swift in Sources */ = {isa = PBXBuildFile; fileRef = CB5AE6D52AF66AFE0005258A /* VoiceMessageTableViewCell.swift */; };
		CB75FD982B25FDA900E83182 /* DatabaseHelper.swift in Sources */ = {isa = PBXBuildFile; fileRef = CB75FD972B25FDA900E83182 /* DatabaseHelper.swift */; };
		CB7FA46D2AFFF0FC005AC9E7 /* SignUpViewModel.swift in Sources */ = {isa = PBXBuildFile; fileRef = CB7FA46C2AFFF0FC005AC9E7 /* SignUpViewModel.swift */; };
		CB7FA46F2AFFF39B005AC9E7 /* SignInViewModel.swift in Sources */ = {isa = PBXBuildFile; fileRef = CB7FA46E2AFFF39B005AC9E7 /* SignInViewModel.swift */; };
		CB7FA4712AFFF4B1005AC9E7 /* UserModel.swift in Sources */ = {isa = PBXBuildFile; fileRef = CB7FA4702AFFF4B1005AC9E7 /* UserModel.swift */; };
		CB7FA4732AFFF653005AC9E7 /* SettingViewModel.swift in Sources */ = {isa = PBXBuildFile; fileRef = CB7FA4722AFFF653005AC9E7 /* SettingViewModel.swift */; };
		CB7FA4752AFFF7D8005AC9E7 /* PrivacyPolicyViewController.swift in Sources */ = {isa = PBXBuildFile; fileRef = CB7FA4742AFFF7D8005AC9E7 /* PrivacyPolicyViewController.swift */; };
		CB7FA4772AFFF814005AC9E7 /* PrivacyPolicyViewController.storyboard in Resources */ = {isa = PBXBuildFile; fileRef = CB7FA4762AFFF814005AC9E7 /* PrivacyPolicyViewController.storyboard */; };
		CB99AE162AE945420095CAB3 /* Corporate-Logo-Medium-ver3.otf in Resources */ = {isa = PBXBuildFile; fileRef = CB99AE142AE945420095CAB3 /* Corporate-Logo-Medium-ver3.otf */; };
		CB99AE172AE945420095CAB3 /* Corporate-Logo-Bold-ver3.otf in Resources */ = {isa = PBXBuildFile; fileRef = CB99AE152AE945420095CAB3 /* Corporate-Logo-Bold-ver3.otf */; };
		D40D75033EC628CCD0C64BB7 /* Pods_HowdyTests.framework in Frameworks */ = {isa = PBXBuildFile; fileRef = 52FC19865587C5FE8911E243 /* Pods_HowdyTests.framework */; };
		F42E68568622EAF69248D473 /* Pods_Howdy.framework in Frameworks */ = {isa = PBXBuildFile; fileRef = 4808C1909D5318962FA1A33D /* Pods_Howdy.framework */; };
/* End PBXBuildFile section */

/* Begin PBXContainerItemProxy section */
		CB55558B2AD8305900784E9E /* PBXContainerItemProxy */ = {
			isa = PBXContainerItemProxy;
			containerPortal = CB55556C2AD8305600784E9E /* Project object */;
			proxyType = 1;
			remoteGlobalIDString = CB5555732AD8305600784E9E;
			remoteInfo = Howdy;
		};
		CB5555952AD8305900784E9E /* PBXContainerItemProxy */ = {
			isa = PBXContainerItemProxy;
			containerPortal = CB55556C2AD8305600784E9E /* Project object */;
			proxyType = 1;
			remoteGlobalIDString = CB5555732AD8305600784E9E;
			remoteInfo = Howdy;
		};
/* End PBXContainerItemProxy section */

/* Begin PBXFileReference section */
		0800F76B0E24D1E393D937E8 /* Pods-Howdy-HowdyUITests.release.xcconfig */ = {isa = PBXFileReference; includeInIndex = 1; lastKnownFileType = text.xcconfig; name = "Pods-Howdy-HowdyUITests.release.xcconfig"; path = "Target Support Files/Pods-Howdy-HowdyUITests/Pods-Howdy-HowdyUITests.release.xcconfig"; sourceTree = "<group>"; };
		0A63D114B50AE60C040F695F /* Pods-HowdyTests.release.xcconfig */ = {isa = PBXFileReference; includeInIndex = 1; lastKnownFileType = text.xcconfig; name = "Pods-HowdyTests.release.xcconfig"; path = "Target Support Files/Pods-HowdyTests/Pods-HowdyTests.release.xcconfig"; sourceTree = "<group>"; };
		4808C1909D5318962FA1A33D /* Pods_Howdy.framework */ = {isa = PBXFileReference; explicitFileType = wrapper.framework; includeInIndex = 0; path = Pods_Howdy.framework; sourceTree = BUILT_PRODUCTS_DIR; };
		52FC19865587C5FE8911E243 /* Pods_HowdyTests.framework */ = {isa = PBXFileReference; explicitFileType = wrapper.framework; includeInIndex = 0; path = Pods_HowdyTests.framework; sourceTree = BUILT_PRODUCTS_DIR; };
		757B6741141973C02A250D19 /* Pods-Howdy-HowdyUITests.debug.xcconfig */ = {isa = PBXFileReference; includeInIndex = 1; lastKnownFileType = text.xcconfig; name = "Pods-Howdy-HowdyUITests.debug.xcconfig"; path = "Target Support Files/Pods-Howdy-HowdyUITests/Pods-Howdy-HowdyUITests.debug.xcconfig"; sourceTree = "<group>"; };
		7C30164849641A49FAFF6196 /* Pods-HowdyTests.debug.xcconfig */ = {isa = PBXFileReference; includeInIndex = 1; lastKnownFileType = text.xcconfig; name = "Pods-HowdyTests.debug.xcconfig"; path = "Target Support Files/Pods-HowdyTests/Pods-HowdyTests.debug.xcconfig"; sourceTree = "<group>"; };
		9406CFC22088CE7341799374 /* Pods-Howdy.debug.xcconfig */ = {isa = PBXFileReference; includeInIndex = 1; lastKnownFileType = text.xcconfig; name = "Pods-Howdy.debug.xcconfig"; path = "Target Support Files/Pods-Howdy/Pods-Howdy.debug.xcconfig"; sourceTree = "<group>"; };
		BBF45FCB37C5F86E1A0F0D97 /* Pods_Howdy_HowdyUITests.framework */ = {isa = PBXFileReference; explicitFileType = wrapper.framework; includeInIndex = 0; path = Pods_Howdy_HowdyUITests.framework; sourceTree = BUILT_PRODUCTS_DIR; };
		CB0793012AE45C7800E48145 /* SignUpViewController.storyboard */ = {isa = PBXFileReference; lastKnownFileType = file.storyboard; path = SignUpViewController.storyboard; sourceTree = "<group>"; };
		CB07930D2AE5013000E48145 /* SignInViewController.storyboard */ = {isa = PBXFileReference; lastKnownFileType = file.storyboard; path = SignInViewController.storyboard; sourceTree = "<group>"; };
		CB07930F2AE5099900E48145 /* PasswordForgottenViewController.storyboard */ = {isa = PBXFileReference; lastKnownFileType = file.storyboard; path = PasswordForgottenViewController.storyboard; sourceTree = "<group>"; };
		CB0793112AE50EC500E48145 /* TopViewController.storyboard */ = {isa = PBXFileReference; lastKnownFileType = file.storyboard; path = TopViewController.storyboard; sourceTree = "<group>"; };
		CB0793132AE5148E00E48145 /* RecordViewController.storyboard */ = {isa = PBXFileReference; lastKnownFileType = file.storyboard; path = RecordViewController.storyboard; sourceTree = "<group>"; };
		CB0793152AE5208600E48145 /* SettingViewController.storyboard */ = {isa = PBXFileReference; lastKnownFileType = file.storyboard; path = SettingViewController.storyboard; sourceTree = "<group>"; };
		CB0793192AE5245500E48145 /* PasswordChangeViewController.storyboard */ = {isa = PBXFileReference; lastKnownFileType = file.storyboard; path = PasswordChangeViewController.storyboard; sourceTree = "<group>"; };
		CB07931B2AE53F4300E48145 /* SignInViewController.swift */ = {isa = PBXFileReference; lastKnownFileType = sourcecode.swift; path = SignInViewController.swift; sourceTree = "<group>"; };
		CB07931D2AE53F5900E48145 /* SignUpViewController.swift */ = {isa = PBXFileReference; lastKnownFileType = sourcecode.swift; path = SignUpViewController.swift; sourceTree = "<group>"; };
		CB07931F2AE53F8300E48145 /* PasswordForgottenViewController.swift */ = {isa = PBXFileReference; lastKnownFileType = sourcecode.swift; path = PasswordForgottenViewController.swift; sourceTree = "<group>"; };
		CB0793212AE53FAF00E48145 /* TopViewController.swift */ = {isa = PBXFileReference; lastKnownFileType = sourcecode.swift; path = TopViewController.swift; sourceTree = "<group>"; };
		CB0793232AE53FC400E48145 /* RecordViewController.swift */ = {isa = PBXFileReference; lastKnownFileType = sourcecode.swift; path = RecordViewController.swift; sourceTree = "<group>"; };
		CB0793252AE53FCF00E48145 /* SettingViewController.swift */ = {isa = PBXFileReference; lastKnownFileType = sourcecode.swift; path = SettingViewController.swift; sourceTree = "<group>"; };
		CB0793292AE5401A00E48145 /* PasswordChangeViewController.swift */ = {isa = PBXFileReference; lastKnownFileType = sourcecode.swift; path = PasswordChangeViewController.swift; sourceTree = "<group>"; };
		CB1D5E102B00C6FD003B1D7C /* UsernameData.swift */ = {isa = PBXFileReference; lastKnownFileType = sourcecode.swift; path = UsernameData.swift; sourceTree = "<group>"; };
		CB4DB6552B24D688000285A9 /* MyIDConfirmViewController.swift */ = {isa = PBXFileReference; lastKnownFileType = sourcecode.swift; path = MyIDConfirmViewController.swift; sourceTree = "<group>"; };
		CB4DB6572B24D6A6000285A9 /* MyIDConfirmViewController.storyboard */ = {isa = PBXFileReference; lastKnownFileType = file.storyboard; path = MyIDConfirmViewController.storyboard; sourceTree = "<group>"; };
		CB5086A52AFFE0BF004BA42E /* GoogleService-Info.plist */ = {isa = PBXFileReference; fileEncoding = 4; lastKnownFileType = text.plist.xml; path = "GoogleService-Info.plist"; sourceTree = "<group>"; };
		CB5555742AD8305600784E9E /* Howdy.app */ = {isa = PBXFileReference; explicitFileType = wrapper.application; includeInIndex = 0; path = Howdy.app; sourceTree = BUILT_PRODUCTS_DIR; };
		CB5555772AD8305600784E9E /* AppDelegate.swift */ = {isa = PBXFileReference; lastKnownFileType = sourcecode.swift; path = AppDelegate.swift; sourceTree = "<group>"; };
		CB5555802AD8305800784E9E /* Assets.xcassets */ = {isa = PBXFileReference; lastKnownFileType = folder.assetcatalog; path = Assets.xcassets; sourceTree = "<group>"; };
		CB5555832AD8305800784E9E /* Base */ = {isa = PBXFileReference; lastKnownFileType = file.storyboard; name = Base; path = Base.lproj/LaunchScreen.storyboard; sourceTree = "<group>"; };
		CB5555852AD8305800784E9E /* Info.plist */ = {isa = PBXFileReference; lastKnownFileType = text.plist.xml; path = Info.plist; sourceTree = "<group>"; };
		CB55558A2AD8305900784E9E /* HowdyTests.xctest */ = {isa = PBXFileReference; explicitFileType = wrapper.cfbundle; includeInIndex = 0; path = HowdyTests.xctest; sourceTree = BUILT_PRODUCTS_DIR; };
		CB55558E2AD8305900784E9E /* HowdyTests.swift */ = {isa = PBXFileReference; lastKnownFileType = sourcecode.swift; path = HowdyTests.swift; sourceTree = "<group>"; };
		CB5555942AD8305900784E9E /* HowdyUITests.xctest */ = {isa = PBXFileReference; explicitFileType = wrapper.cfbundle; includeInIndex = 0; path = HowdyUITests.xctest; sourceTree = BUILT_PRODUCTS_DIR; };
		CB5555982AD8305900784E9E /* HowdyUITests.swift */ = {isa = PBXFileReference; lastKnownFileType = sourcecode.swift; path = HowdyUITests.swift; sourceTree = "<group>"; };
		CB55559A2AD8305900784E9E /* HowdyUITestsLaunchTests.swift */ = {isa = PBXFileReference; lastKnownFileType = sourcecode.swift; path = HowdyUITestsLaunchTests.swift; sourceTree = "<group>"; };
		CB59E9952AF67C61005020F0 /* UIViewController+BasicSetting.swift */ = {isa = PBXFileReference; lastKnownFileType = sourcecode.swift; path = "UIViewController+BasicSetting.swift"; sourceTree = "<group>"; };
		CB5AE6D22AF66AFE0005258A /* SettingTableViewCell.xib */ = {isa = PBXFileReference; fileEncoding = 4; lastKnownFileType = file.xib; path = SettingTableViewCell.xib; sourceTree = "<group>"; };
		CB5AE6D32AF66AFE0005258A /* SettingTableViewCell.swift */ = {isa = PBXFileReference; fileEncoding = 4; lastKnownFileType = sourcecode.swift; path = SettingTableViewCell.swift; sourceTree = "<group>"; };
		CB5AE6D42AF66AFE0005258A /* VoiceMessageTableViewCell.xib */ = {isa = PBXFileReference; fileEncoding = 4; lastKnownFileType = file.xib; path = VoiceMessageTableViewCell.xib; sourceTree = "<group>"; };
		CB5AE6D52AF66AFE0005258A /* VoiceMessageTableViewCell.swift */ = {isa = PBXFileReference; fileEncoding = 4; lastKnownFileType = sourcecode.swift; path = VoiceMessageTableViewCell.swift; sourceTree = "<group>"; };
		CB75FD972B25FDA900E83182 /* DatabaseHelper.swift */ = {isa = PBXFileReference; lastKnownFileType = sourcecode.swift; path = DatabaseHelper.swift; sourceTree = "<group>"; };
		CB7FA46C2AFFF0FC005AC9E7 /* SignUpViewModel.swift */ = {isa = PBXFileReference; lastKnownFileType = sourcecode.swift; path = SignUpViewModel.swift; sourceTree = "<group>"; };
		CB7FA46E2AFFF39B005AC9E7 /* SignInViewModel.swift */ = {isa = PBXFileReference; lastKnownFileType = sourcecode.swift; path = SignInViewModel.swift; sourceTree = "<group>"; };
		CB7FA4702AFFF4B1005AC9E7 /* UserModel.swift */ = {isa = PBXFileReference; lastKnownFileType = sourcecode.swift; path = UserModel.swift; sourceTree = "<group>"; };
		CB7FA4722AFFF653005AC9E7 /* SettingViewModel.swift */ = {isa = PBXFileReference; lastKnownFileType = sourcecode.swift; path = SettingViewModel.swift; sourceTree = "<group>"; };
		CB7FA4742AFFF7D8005AC9E7 /* PrivacyPolicyViewController.swift */ = {isa = PBXFileReference; lastKnownFileType = sourcecode.swift; path = PrivacyPolicyViewController.swift; sourceTree = "<group>"; };
		CB7FA4762AFFF814005AC9E7 /* PrivacyPolicyViewController.storyboard */ = {isa = PBXFileReference; lastKnownFileType = file.storyboard; path = PrivacyPolicyViewController.storyboard; sourceTree = "<group>"; };
		CB99AE142AE945420095CAB3 /* Corporate-Logo-Medium-ver3.otf */ = {isa = PBXFileReference; lastKnownFileType = file; path = "Corporate-Logo-Medium-ver3.otf"; sourceTree = "<group>"; };
		CB99AE152AE945420095CAB3 /* Corporate-Logo-Bold-ver3.otf */ = {isa = PBXFileReference; lastKnownFileType = file; path = "Corporate-Logo-Bold-ver3.otf"; sourceTree = "<group>"; };
		D9388E4436FE1218A0E66111 /* Pods-Howdy.release.xcconfig */ = {isa = PBXFileReference; includeInIndex = 1; lastKnownFileType = text.xcconfig; name = "Pods-Howdy.release.xcconfig"; path = "Target Support Files/Pods-Howdy/Pods-Howdy.release.xcconfig"; sourceTree = "<group>"; };
/* End PBXFileReference section */

/* Begin PBXFrameworksBuildPhase section */
		CB5555712AD8305600784E9E /* Frameworks */ = {
			isa = PBXFrameworksBuildPhase;
			buildActionMask = 2147483647;
			files = (
				F42E68568622EAF69248D473 /* Pods_Howdy.framework in Frameworks */,
			);
			runOnlyForDeploymentPostprocessing = 0;
		};
		CB5555872AD8305900784E9E /* Frameworks */ = {
			isa = PBXFrameworksBuildPhase;
			buildActionMask = 2147483647;
			files = (
				D40D75033EC628CCD0C64BB7 /* Pods_HowdyTests.framework in Frameworks */,
			);
			runOnlyForDeploymentPostprocessing = 0;
		};
		CB5555912AD8305900784E9E /* Frameworks */ = {
			isa = PBXFrameworksBuildPhase;
			buildActionMask = 2147483647;
			files = (
				58F52B5E27F8739BAD34AF99 /* Pods_Howdy_HowdyUITests.framework in Frameworks */,
			);
			runOnlyForDeploymentPostprocessing = 0;
		};
/* End PBXFrameworksBuildPhase section */

/* Begin PBXGroup section */
		5ABE122B7B58D596B3F08681 /* Pods */ = {
			isa = PBXGroup;
			children = (
				9406CFC22088CE7341799374 /* Pods-Howdy.debug.xcconfig */,
				D9388E4436FE1218A0E66111 /* Pods-Howdy.release.xcconfig */,
				757B6741141973C02A250D19 /* Pods-Howdy-HowdyUITests.debug.xcconfig */,
				0800F76B0E24D1E393D937E8 /* Pods-Howdy-HowdyUITests.release.xcconfig */,
				7C30164849641A49FAFF6196 /* Pods-HowdyTests.debug.xcconfig */,
				0A63D114B50AE60C040F695F /* Pods-HowdyTests.release.xcconfig */,
			);
			path = Pods;
			sourceTree = "<group>";
		};
		CB0793092AE4FFEF00E48145 /* Models */ = {
			isa = PBXGroup;
			children = (
				CB7FA4702AFFF4B1005AC9E7 /* UserModel.swift */,
				CB1D5E102B00C6FD003B1D7C /* UsernameData.swift */,
				CB75FD972B25FDA900E83182 /* DatabaseHelper.swift */,
			);
			path = Models;
			sourceTree = "<group>";
		};
		CB07930A2AE4FFF900E48145 /* Views */ = {
			isa = PBXGroup;
			children = (
				CB5AE6D32AF66AFE0005258A /* SettingTableViewCell.swift */,
				CB5AE6D22AF66AFE0005258A /* SettingTableViewCell.xib */,
				CB5AE6D52AF66AFE0005258A /* VoiceMessageTableViewCell.swift */,
				CB5AE6D42AF66AFE0005258A /* VoiceMessageTableViewCell.xib */,
			);
			path = Views;
			sourceTree = "<group>";
		};
		CB07930B2AE5000600E48145 /* ViewModels */ = {
			isa = PBXGroup;
			children = (
				CB7FA46C2AFFF0FC005AC9E7 /* SignUpViewModel.swift */,
				CB7FA46E2AFFF39B005AC9E7 /* SignInViewModel.swift */,
				CB7FA4722AFFF653005AC9E7 /* SettingViewModel.swift */,
			);
			path = ViewModels;
			sourceTree = "<group>";
		};
		CB07930C2AE5000F00E48145 /* ViewControllers */ = {
			isa = PBXGroup;
			children = (
				CB5555822AD8305800784E9E /* LaunchScreen.storyboard */,
				CB07931B2AE53F4300E48145 /* SignInViewController.swift */,
				CB07930D2AE5013000E48145 /* SignInViewController.storyboard */,
				CB07931D2AE53F5900E48145 /* SignUpViewController.swift */,
				CB0793012AE45C7800E48145 /* SignUpViewController.storyboard */,
				CB7FA4742AFFF7D8005AC9E7 /* PrivacyPolicyViewController.swift */,
				CB7FA4762AFFF814005AC9E7 /* PrivacyPolicyViewController.storyboard */,
				CB07931F2AE53F8300E48145 /* PasswordForgottenViewController.swift */,
				CB07930F2AE5099900E48145 /* PasswordForgottenViewController.storyboard */,
				CB0793212AE53FAF00E48145 /* TopViewController.swift */,
				CB0793112AE50EC500E48145 /* TopViewController.storyboard */,
				CB0793232AE53FC400E48145 /* RecordViewController.swift */,
				CB0793132AE5148E00E48145 /* RecordViewController.storyboard */,
				CB0793252AE53FCF00E48145 /* SettingViewController.swift */,
				CB0793152AE5208600E48145 /* SettingViewController.storyboard */,
				CB4DB6552B24D688000285A9 /* MyIDConfirmViewController.swift */,
				CB4DB6572B24D6A6000285A9 /* MyIDConfirmViewController.storyboard */,
				CB0793292AE5401A00E48145 /* PasswordChangeViewController.swift */,
				CB0793192AE5245500E48145 /* PasswordChangeViewController.storyboard */,
				CB7FA46B2AFFE5F6005AC9E7 /* Extensions */,
			);
			path = ViewControllers;
			sourceTree = "<group>";
		};
		CB55556B2AD8305600784E9E = {
			isa = PBXGroup;
			children = (
				CB5555762AD8305600784E9E /* Howdy */,
				CB55558D2AD8305900784E9E /* HowdyTests */,
				CB5555972AD8305900784E9E /* HowdyUITests */,
				CB5555752AD8305600784E9E /* Products */,
				5ABE122B7B58D596B3F08681 /* Pods */,
				D41C8DEDAA01CFC8CA2917C2 /* Frameworks */,
			);
			sourceTree = "<group>";
		};
		CB5555752AD8305600784E9E /* Products */ = {
			isa = PBXGroup;
			children = (
				CB5555742AD8305600784E9E /* Howdy.app */,
				CB55558A2AD8305900784E9E /* HowdyTests.xctest */,
				CB5555942AD8305900784E9E /* HowdyUITests.xctest */,
			);
			name = Products;
			sourceTree = "<group>";
		};
		CB5555762AD8305600784E9E /* Howdy */ = {
			isa = PBXGroup;
			children = (
				CB5555772AD8305600784E9E /* AppDelegate.swift */,
				CB07930C2AE5000F00E48145 /* ViewControllers */,
				CB07930B2AE5000600E48145 /* ViewModels */,
				CB0793092AE4FFEF00E48145 /* Models */,
				CB07930A2AE4FFF900E48145 /* Views */,
				CB5555802AD8305800784E9E /* Assets.xcassets */,
				CB99AE112AE942E70095CAB3 /* Fonts */,
				CB5555852AD8305800784E9E /* Info.plist */,
				CB5086A52AFFE0BF004BA42E /* GoogleService-Info.plist */,
			);
			path = Howdy;
			sourceTree = "<group>";
		};
		CB55558D2AD8305900784E9E /* HowdyTests */ = {
			isa = PBXGroup;
			children = (
				CB55558E2AD8305900784E9E /* HowdyTests.swift */,
			);
			path = HowdyTests;
			sourceTree = "<group>";
		};
		CB5555972AD8305900784E9E /* HowdyUITests */ = {
			isa = PBXGroup;
			children = (
				CB5555982AD8305900784E9E /* HowdyUITests.swift */,
				CB55559A2AD8305900784E9E /* HowdyUITestsLaunchTests.swift */,
			);
			path = HowdyUITests;
			sourceTree = "<group>";
		};
		CB7FA46B2AFFE5F6005AC9E7 /* Extensions */ = {
			isa = PBXGroup;
			children = (
				CB59E9952AF67C61005020F0 /* UIViewController+BasicSetting.swift */,
			);
			path = Extensions;
			sourceTree = "<group>";
		};
		CB99AE112AE942E70095CAB3 /* Fonts */ = {
			isa = PBXGroup;
			children = (
				CB99AE142AE945420095CAB3 /* Corporate-Logo-Medium-ver3.otf */,
				CB99AE152AE945420095CAB3 /* Corporate-Logo-Bold-ver3.otf */,
			);
			path = Fonts;
			sourceTree = "<group>";
		};
		D41C8DEDAA01CFC8CA2917C2 /* Frameworks */ = {
			isa = PBXGroup;
			children = (
				4808C1909D5318962FA1A33D /* Pods_Howdy.framework */,
				BBF45FCB37C5F86E1A0F0D97 /* Pods_Howdy_HowdyUITests.framework */,
				52FC19865587C5FE8911E243 /* Pods_HowdyTests.framework */,
			);
			name = Frameworks;
			sourceTree = "<group>";
		};
/* End PBXGroup section */

/* Begin PBXNativeTarget section */
		CB5555732AD8305600784E9E /* Howdy */ = {
			isa = PBXNativeTarget;
			buildConfigurationList = CB55559E2AD8305900784E9E /* Build configuration list for PBXNativeTarget "Howdy" */;
			buildPhases = (
				9D9FF8471990A0807D86FCD0 /* [CP] Check Pods Manifest.lock */,
				CB5555702AD8305600784E9E /* Sources */,
				CB5555712AD8305600784E9E /* Frameworks */,
				CB5555722AD8305600784E9E /* Resources */,
				FE501A24FCC8EC0BEA6147EC /* [CP] Embed Pods Frameworks */,
				CB48249D2AF93AD30011A937 /* Run SwiftLint */,
			);
			buildRules = (
			);
			dependencies = (
			);
			name = Howdy;
			productName = Howdy;
			productReference = CB5555742AD8305600784E9E /* Howdy.app */;
			productType = "com.apple.product-type.application";
		};
		CB5555892AD8305900784E9E /* HowdyTests */ = {
			isa = PBXNativeTarget;
			buildConfigurationList = CB5555A12AD8305900784E9E /* Build configuration list for PBXNativeTarget "HowdyTests" */;
			buildPhases = (
				881A48247FF643F3E297A7C9 /* [CP] Check Pods Manifest.lock */,
				CB5555862AD8305900784E9E /* Sources */,
				CB5555872AD8305900784E9E /* Frameworks */,
				CB5555882AD8305900784E9E /* Resources */,
			);
			buildRules = (
			);
			dependencies = (
				CB55558C2AD8305900784E9E /* PBXTargetDependency */,
			);
			name = HowdyTests;
			productName = HowdyTests;
			productReference = CB55558A2AD8305900784E9E /* HowdyTests.xctest */;
			productType = "com.apple.product-type.bundle.unit-test";
		};
		CB5555932AD8305900784E9E /* HowdyUITests */ = {
			isa = PBXNativeTarget;
			buildConfigurationList = CB5555A42AD8305900784E9E /* Build configuration list for PBXNativeTarget "HowdyUITests" */;
			buildPhases = (
				7FB7AC8F94C5D91B0BBAC087 /* [CP] Check Pods Manifest.lock */,
				CB5555902AD8305900784E9E /* Sources */,
				CB5555912AD8305900784E9E /* Frameworks */,
				CB5555922AD8305900784E9E /* Resources */,
				B6421B8C385DAE454F4BA457 /* [CP] Embed Pods Frameworks */,
			);
			buildRules = (
			);
			dependencies = (
				CB5555962AD8305900784E9E /* PBXTargetDependency */,
			);
			name = HowdyUITests;
			productName = HowdyUITests;
			productReference = CB5555942AD8305900784E9E /* HowdyUITests.xctest */;
			productType = "com.apple.product-type.bundle.ui-testing";
		};
/* End PBXNativeTarget section */

/* Begin PBXProject section */
		CB55556C2AD8305600784E9E /* Project object */ = {
			isa = PBXProject;
			attributes = {
				BuildIndependentTargetsInParallel = 1;
				LastSwiftUpdateCheck = 1500;
				LastUpgradeCheck = 1500;
				TargetAttributes = {
					CB5555732AD8305600784E9E = {
						CreatedOnToolsVersion = 15.0;
					};
					CB5555892AD8305900784E9E = {
						CreatedOnToolsVersion = 15.0;
						TestTargetID = CB5555732AD8305600784E9E;
					};
					CB5555932AD8305900784E9E = {
						CreatedOnToolsVersion = 15.0;
						TestTargetID = CB5555732AD8305600784E9E;
					};
				};
			};
			buildConfigurationList = CB55556F2AD8305600784E9E /* Build configuration list for PBXProject "Howdy" */;
			compatibilityVersion = "Xcode 14.0";
			developmentRegion = en;
			hasScannedForEncodings = 0;
			knownRegions = (
				en,
				Base,
			);
			mainGroup = CB55556B2AD8305600784E9E;
			productRefGroup = CB5555752AD8305600784E9E /* Products */;
			projectDirPath = "";
			projectRoot = "";
			targets = (
				CB5555732AD8305600784E9E /* Howdy */,
				CB5555892AD8305900784E9E /* HowdyTests */,
				CB5555932AD8305900784E9E /* HowdyUITests */,
			);
		};
/* End PBXProject section */

/* Begin PBXResourcesBuildPhase section */
		CB5555722AD8305600784E9E /* Resources */ = {
			isa = PBXResourcesBuildPhase;
			buildActionMask = 2147483647;
			files = (
				CB5AE6D62AF66AFE0005258A /* SettingTableViewCell.xib in Resources */,
				CB0793162AE5208600E48145 /* SettingViewController.storyboard in Resources */,
				CB99AE162AE945420095CAB3 /* Corporate-Logo-Medium-ver3.otf in Resources */,
				CB7FA4772AFFF814005AC9E7 /* PrivacyPolicyViewController.storyboard in Resources */,
				CB07930E2AE5013000E48145 /* SignInViewController.storyboard in Resources */,
				CB0793122AE50EC500E48145 /* TopViewController.storyboard in Resources */,
				CB5555842AD8305800784E9E /* LaunchScreen.storyboard in Resources */,
				CB5555812AD8305800784E9E /* Assets.xcassets in Resources */,
				CB99AE172AE945420095CAB3 /* Corporate-Logo-Bold-ver3.otf in Resources */,
				CB0793142AE5148E00E48145 /* RecordViewController.storyboard in Resources */,
				CB5AE6D82AF66AFE0005258A /* VoiceMessageTableViewCell.xib in Resources */,
				CB07931A2AE5245500E48145 /* PasswordChangeViewController.storyboard in Resources */,
				CB0793022AE45C7800E48145 /* SignUpViewController.storyboard in Resources */,
				CB0793102AE5099900E48145 /* PasswordForgottenViewController.storyboard in Resources */,
				CB4DB6582B24D6A6000285A9 /* MyIDConfirmViewController.storyboard in Resources */,
				CB5086A62AFFE0BF004BA42E /* GoogleService-Info.plist in Resources */,
			);
			runOnlyForDeploymentPostprocessing = 0;
		};
		CB5555882AD8305900784E9E /* Resources */ = {
			isa = PBXResourcesBuildPhase;
			buildActionMask = 2147483647;
			files = (
			);
			runOnlyForDeploymentPostprocessing = 0;
		};
		CB5555922AD8305900784E9E /* Resources */ = {
			isa = PBXResourcesBuildPhase;
			buildActionMask = 2147483647;
			files = (
			);
			runOnlyForDeploymentPostprocessing = 0;
		};
/* End PBXResourcesBuildPhase section */

/* Begin PBXShellScriptBuildPhase section */
		7FB7AC8F94C5D91B0BBAC087 /* [CP] Check Pods Manifest.lock */ = {
			isa = PBXShellScriptBuildPhase;
			buildActionMask = 2147483647;
			files = (
			);
			inputFileListPaths = (
			);
			inputPaths = (
				"${PODS_PODFILE_DIR_PATH}/Podfile.lock",
				"${PODS_ROOT}/Manifest.lock",
			);
			name = "[CP] Check Pods Manifest.lock";
			outputFileListPaths = (
			);
			outputPaths = (
				"$(DERIVED_FILE_DIR)/Pods-Howdy-HowdyUITests-checkManifestLockResult.txt",
			);
			runOnlyForDeploymentPostprocessing = 0;
			shellPath = /bin/sh;
			shellScript = "diff \"${PODS_PODFILE_DIR_PATH}/Podfile.lock\" \"${PODS_ROOT}/Manifest.lock\" > /dev/null\nif [ $? != 0 ] ; then\n    # print error to STDERR\n    echo \"error: The sandbox is not in sync with the Podfile.lock. Run 'pod install' or update your CocoaPods installation.\" >&2\n    exit 1\nfi\n# This output is used by Xcode 'outputs' to avoid re-running this script phase.\necho \"SUCCESS\" > \"${SCRIPT_OUTPUT_FILE_0}\"\n";
			showEnvVarsInLog = 0;
		};
		881A48247FF643F3E297A7C9 /* [CP] Check Pods Manifest.lock */ = {
			isa = PBXShellScriptBuildPhase;
			buildActionMask = 2147483647;
			files = (
			);
			inputFileListPaths = (
			);
			inputPaths = (
				"${PODS_PODFILE_DIR_PATH}/Podfile.lock",
				"${PODS_ROOT}/Manifest.lock",
			);
			name = "[CP] Check Pods Manifest.lock";
			outputFileListPaths = (
			);
			outputPaths = (
				"$(DERIVED_FILE_DIR)/Pods-HowdyTests-checkManifestLockResult.txt",
			);
			runOnlyForDeploymentPostprocessing = 0;
			shellPath = /bin/sh;
			shellScript = "diff \"${PODS_PODFILE_DIR_PATH}/Podfile.lock\" \"${PODS_ROOT}/Manifest.lock\" > /dev/null\nif [ $? != 0 ] ; then\n    # print error to STDERR\n    echo \"error: The sandbox is not in sync with the Podfile.lock. Run 'pod install' or update your CocoaPods installation.\" >&2\n    exit 1\nfi\n# This output is used by Xcode 'outputs' to avoid re-running this script phase.\necho \"SUCCESS\" > \"${SCRIPT_OUTPUT_FILE_0}\"\n";
			showEnvVarsInLog = 0;
		};
		9D9FF8471990A0807D86FCD0 /* [CP] Check Pods Manifest.lock */ = {
			isa = PBXShellScriptBuildPhase;
			buildActionMask = 2147483647;
			files = (
			);
			inputFileListPaths = (
			);
			inputPaths = (
				"${PODS_PODFILE_DIR_PATH}/Podfile.lock",
				"${PODS_ROOT}/Manifest.lock",
			);
			name = "[CP] Check Pods Manifest.lock";
			outputFileListPaths = (
			);
			outputPaths = (
				"$(DERIVED_FILE_DIR)/Pods-Howdy-checkManifestLockResult.txt",
			);
			runOnlyForDeploymentPostprocessing = 0;
			shellPath = /bin/sh;
			shellScript = "diff \"${PODS_PODFILE_DIR_PATH}/Podfile.lock\" \"${PODS_ROOT}/Manifest.lock\" > /dev/null\nif [ $? != 0 ] ; then\n    # print error to STDERR\n    echo \"error: The sandbox is not in sync with the Podfile.lock. Run 'pod install' or update your CocoaPods installation.\" >&2\n    exit 1\nfi\n# This output is used by Xcode 'outputs' to avoid re-running this script phase.\necho \"SUCCESS\" > \"${SCRIPT_OUTPUT_FILE_0}\"\n";
			showEnvVarsInLog = 0;
		};
		B6421B8C385DAE454F4BA457 /* [CP] Embed Pods Frameworks */ = {
			isa = PBXShellScriptBuildPhase;
			buildActionMask = 2147483647;
			files = (
			);
			inputFileListPaths = (
				"${PODS_ROOT}/Target Support Files/Pods-Howdy-HowdyUITests/Pods-Howdy-HowdyUITests-frameworks-${CONFIGURATION}-input-files.xcfilelist",
			);
			name = "[CP] Embed Pods Frameworks";
			outputFileListPaths = (
				"${PODS_ROOT}/Target Support Files/Pods-Howdy-HowdyUITests/Pods-Howdy-HowdyUITests-frameworks-${CONFIGURATION}-output-files.xcfilelist",
			);
			runOnlyForDeploymentPostprocessing = 0;
			shellPath = /bin/sh;
			shellScript = "\"${PODS_ROOT}/Target Support Files/Pods-Howdy-HowdyUITests/Pods-Howdy-HowdyUITests-frameworks.sh\"\n";
			showEnvVarsInLog = 0;
		};
		CB48249D2AF93AD30011A937 /* Run SwiftLint */ = {
			isa = PBXShellScriptBuildPhase;
			buildActionMask = 2147483647;
			files = (
			);
			inputFileListPaths = (
			);
			inputPaths = (
			);
			name = "Run SwiftLint";
			outputFileListPaths = (
			);
			outputPaths = (
			);
			runOnlyForDeploymentPostprocessing = 0;
			shellPath = /bin/sh;
			shellScript = "if test -d /opt/homebrew/bin; then\n    PATH=/opt/homebrew/bin/:$PATH\nfi\n\nif which swiftlint >/dev/null; then\n    swiftlint\nelse\n    echo \"warning: SwiftLint not installed, download from https://github.com/realm/SwiftLint\"\nfi\n";
		};
		FE501A24FCC8EC0BEA6147EC /* [CP] Embed Pods Frameworks */ = {
			isa = PBXShellScriptBuildPhase;
			buildActionMask = 2147483647;
			files = (
			);
			inputFileListPaths = (
				"${PODS_ROOT}/Target Support Files/Pods-Howdy/Pods-Howdy-frameworks-${CONFIGURATION}-input-files.xcfilelist",
			);
			name = "[CP] Embed Pods Frameworks";
			outputFileListPaths = (
				"${PODS_ROOT}/Target Support Files/Pods-Howdy/Pods-Howdy-frameworks-${CONFIGURATION}-output-files.xcfilelist",
			);
			runOnlyForDeploymentPostprocessing = 0;
			shellPath = /bin/sh;
			shellScript = "\"${PODS_ROOT}/Target Support Files/Pods-Howdy/Pods-Howdy-frameworks.sh\"\n";
			showEnvVarsInLog = 0;
		};
/* End PBXShellScriptBuildPhase section */

/* Begin PBXSourcesBuildPhase section */
		CB5555702AD8305600784E9E /* Sources */ = {
			isa = PBXSourcesBuildPhase;
			buildActionMask = 2147483647;
			files = (
				CB07931C2AE53F4300E48145 /* SignInViewController.swift in Sources */,
				CB0793202AE53F8300E48145 /* PasswordForgottenViewController.swift in Sources */,
				CB0793242AE53FC400E48145 /* RecordViewController.swift in Sources */,
				CB07931E2AE53F5900E48145 /* SignUpViewController.swift in Sources */,
				CB5AE6D92AF66AFE0005258A /* VoiceMessageTableViewCell.swift in Sources */,
				CB5AE6D72AF66AFE0005258A /* SettingTableViewCell.swift in Sources */,
				CB7FA46D2AFFF0FC005AC9E7 /* SignUpViewModel.swift in Sources */,
				CB7FA46F2AFFF39B005AC9E7 /* SignInViewModel.swift in Sources */,
				CB75FD982B25FDA900E83182 /* DatabaseHelper.swift in Sources */,
				CB7FA4712AFFF4B1005AC9E7 /* UserModel.swift in Sources */,
				CB0793262AE53FCF00E48145 /* SettingViewController.swift in Sources */,
				CB7FA4732AFFF653005AC9E7 /* SettingViewModel.swift in Sources */,
				CB1D5E112B00C6FD003B1D7C /* UsernameData.swift in Sources */,
				CB4DB6562B24D688000285A9 /* MyIDConfirmViewController.swift in Sources */,
				CB7FA4752AFFF7D8005AC9E7 /* PrivacyPolicyViewController.swift in Sources */,
				CB5555782AD8305600784E9E /* AppDelegate.swift in Sources */,
				CB59E9962AF67C61005020F0 /* UIViewController+BasicSetting.swift in Sources */,
				CB07932A2AE5401A00E48145 /* PasswordChangeViewController.swift in Sources */,
				CB0793222AE53FAF00E48145 /* TopViewController.swift in Sources */,
			);
			runOnlyForDeploymentPostprocessing = 0;
		};
		CB5555862AD8305900784E9E /* Sources */ = {
			isa = PBXSourcesBuildPhase;
			buildActionMask = 2147483647;
			files = (
				CB55558F2AD8305900784E9E /* HowdyTests.swift in Sources */,
			);
			runOnlyForDeploymentPostprocessing = 0;
		};
		CB5555902AD8305900784E9E /* Sources */ = {
			isa = PBXSourcesBuildPhase;
			buildActionMask = 2147483647;
			files = (
				CB55559B2AD8305900784E9E /* HowdyUITestsLaunchTests.swift in Sources */,
				CB5555992AD8305900784E9E /* HowdyUITests.swift in Sources */,
			);
			runOnlyForDeploymentPostprocessing = 0;
		};
/* End PBXSourcesBuildPhase section */

/* Begin PBXTargetDependency section */
		CB55558C2AD8305900784E9E /* PBXTargetDependency */ = {
			isa = PBXTargetDependency;
			target = CB5555732AD8305600784E9E /* Howdy */;
			targetProxy = CB55558B2AD8305900784E9E /* PBXContainerItemProxy */;
		};
		CB5555962AD8305900784E9E /* PBXTargetDependency */ = {
			isa = PBXTargetDependency;
			target = CB5555732AD8305600784E9E /* Howdy */;
			targetProxy = CB5555952AD8305900784E9E /* PBXContainerItemProxy */;
		};
/* End PBXTargetDependency section */

/* Begin PBXVariantGroup section */
		CB5555822AD8305800784E9E /* LaunchScreen.storyboard */ = {
			isa = PBXVariantGroup;
			children = (
				CB5555832AD8305800784E9E /* Base */,
			);
			name = LaunchScreen.storyboard;
			sourceTree = "<group>";
		};
/* End PBXVariantGroup section */

/* Begin XCBuildConfiguration section */
		CB55559C2AD8305900784E9E /* Debug */ = {
			isa = XCBuildConfiguration;
			buildSettings = {
				ALWAYS_SEARCH_USER_PATHS = NO;
				ASSETCATALOG_COMPILER_GENERATE_SWIFT_ASSET_SYMBOL_EXTENSIONS = YES;
				CLANG_ANALYZER_NONNULL = YES;
				CLANG_ANALYZER_NUMBER_OBJECT_CONVERSION = YES_AGGRESSIVE;
				CLANG_CXX_LANGUAGE_STANDARD = "gnu++20";
				CLANG_ENABLE_MODULES = YES;
				CLANG_ENABLE_OBJC_ARC = YES;
				CLANG_ENABLE_OBJC_WEAK = YES;
				CLANG_WARN_BLOCK_CAPTURE_AUTORELEASING = YES;
				CLANG_WARN_BOOL_CONVERSION = YES;
				CLANG_WARN_COMMA = YES;
				CLANG_WARN_CONSTANT_CONVERSION = YES;
				CLANG_WARN_DEPRECATED_OBJC_IMPLEMENTATIONS = YES;
				CLANG_WARN_DIRECT_OBJC_ISA_USAGE = YES_ERROR;
				CLANG_WARN_DOCUMENTATION_COMMENTS = YES;
				CLANG_WARN_EMPTY_BODY = YES;
				CLANG_WARN_ENUM_CONVERSION = YES;
				CLANG_WARN_INFINITE_RECURSION = YES;
				CLANG_WARN_INT_CONVERSION = YES;
				CLANG_WARN_NON_LITERAL_NULL_CONVERSION = YES;
				CLANG_WARN_OBJC_IMPLICIT_RETAIN_SELF = YES;
				CLANG_WARN_OBJC_LITERAL_CONVERSION = YES;
				CLANG_WARN_OBJC_ROOT_CLASS = YES_ERROR;
				CLANG_WARN_QUOTED_INCLUDE_IN_FRAMEWORK_HEADER = YES;
				CLANG_WARN_RANGE_LOOP_ANALYSIS = YES;
				CLANG_WARN_STRICT_PROTOTYPES = YES;
				CLANG_WARN_SUSPICIOUS_MOVE = YES;
				CLANG_WARN_UNGUARDED_AVAILABILITY = YES_AGGRESSIVE;
				CLANG_WARN_UNREACHABLE_CODE = YES;
				CLANG_WARN__DUPLICATE_METHOD_MATCH = YES;
				COPY_PHASE_STRIP = NO;
				DEBUG_INFORMATION_FORMAT = dwarf;
				ENABLE_STRICT_OBJC_MSGSEND = YES;
				ENABLE_TESTABILITY = YES;
				ENABLE_USER_SCRIPT_SANDBOXING = YES;
				GCC_C_LANGUAGE_STANDARD = gnu17;
				GCC_DYNAMIC_NO_PIC = NO;
				GCC_NO_COMMON_BLOCKS = YES;
				GCC_OPTIMIZATION_LEVEL = 0;
				GCC_PREPROCESSOR_DEFINITIONS = (
					"DEBUG=1",
					"$(inherited)",
				);
				GCC_WARN_64_TO_32_BIT_CONVERSION = YES;
				GCC_WARN_ABOUT_RETURN_TYPE = YES_ERROR;
				GCC_WARN_UNDECLARED_SELECTOR = YES;
				GCC_WARN_UNINITIALIZED_AUTOS = YES_AGGRESSIVE;
				GCC_WARN_UNUSED_FUNCTION = YES;
				GCC_WARN_UNUSED_VARIABLE = YES;
				IPHONEOS_DEPLOYMENT_TARGET = 17.0;
				LOCALIZATION_PREFERS_STRING_CATALOGS = YES;
				MTL_ENABLE_DEBUG_INFO = INCLUDE_SOURCE;
				MTL_FAST_MATH = YES;
				ONLY_ACTIVE_ARCH = YES;
				SDKROOT = iphoneos;
				SWIFT_ACTIVE_COMPILATION_CONDITIONS = "DEBUG $(inherited)";
				SWIFT_OPTIMIZATION_LEVEL = "-Onone";
			};
			name = Debug;
		};
		CB55559D2AD8305900784E9E /* Release */ = {
			isa = XCBuildConfiguration;
			buildSettings = {
				ALWAYS_SEARCH_USER_PATHS = NO;
				ASSETCATALOG_COMPILER_GENERATE_SWIFT_ASSET_SYMBOL_EXTENSIONS = YES;
				CLANG_ANALYZER_NONNULL = YES;
				CLANG_ANALYZER_NUMBER_OBJECT_CONVERSION = YES_AGGRESSIVE;
				CLANG_CXX_LANGUAGE_STANDARD = "gnu++20";
				CLANG_ENABLE_MODULES = YES;
				CLANG_ENABLE_OBJC_ARC = YES;
				CLANG_ENABLE_OBJC_WEAK = YES;
				CLANG_WARN_BLOCK_CAPTURE_AUTORELEASING = YES;
				CLANG_WARN_BOOL_CONVERSION = YES;
				CLANG_WARN_COMMA = YES;
				CLANG_WARN_CONSTANT_CONVERSION = YES;
				CLANG_WARN_DEPRECATED_OBJC_IMPLEMENTATIONS = YES;
				CLANG_WARN_DIRECT_OBJC_ISA_USAGE = YES_ERROR;
				CLANG_WARN_DOCUMENTATION_COMMENTS = YES;
				CLANG_WARN_EMPTY_BODY = YES;
				CLANG_WARN_ENUM_CONVERSION = YES;
				CLANG_WARN_INFINITE_RECURSION = YES;
				CLANG_WARN_INT_CONVERSION = YES;
				CLANG_WARN_NON_LITERAL_NULL_CONVERSION = YES;
				CLANG_WARN_OBJC_IMPLICIT_RETAIN_SELF = YES;
				CLANG_WARN_OBJC_LITERAL_CONVERSION = YES;
				CLANG_WARN_OBJC_ROOT_CLASS = YES_ERROR;
				CLANG_WARN_QUOTED_INCLUDE_IN_FRAMEWORK_HEADER = YES;
				CLANG_WARN_RANGE_LOOP_ANALYSIS = YES;
				CLANG_WARN_STRICT_PROTOTYPES = YES;
				CLANG_WARN_SUSPICIOUS_MOVE = YES;
				CLANG_WARN_UNGUARDED_AVAILABILITY = YES_AGGRESSIVE;
				CLANG_WARN_UNREACHABLE_CODE = YES;
				CLANG_WARN__DUPLICATE_METHOD_MATCH = YES;
				COPY_PHASE_STRIP = NO;
				DEBUG_INFORMATION_FORMAT = "dwarf-with-dsym";
				ENABLE_NS_ASSERTIONS = NO;
				ENABLE_STRICT_OBJC_MSGSEND = YES;
				ENABLE_USER_SCRIPT_SANDBOXING = YES;
				GCC_C_LANGUAGE_STANDARD = gnu17;
				GCC_NO_COMMON_BLOCKS = YES;
				GCC_WARN_64_TO_32_BIT_CONVERSION = YES;
				GCC_WARN_ABOUT_RETURN_TYPE = YES_ERROR;
				GCC_WARN_UNDECLARED_SELECTOR = YES;
				GCC_WARN_UNINITIALIZED_AUTOS = YES_AGGRESSIVE;
				GCC_WARN_UNUSED_FUNCTION = YES;
				GCC_WARN_UNUSED_VARIABLE = YES;
				IPHONEOS_DEPLOYMENT_TARGET = 17.0;
				LOCALIZATION_PREFERS_STRING_CATALOGS = YES;
				MTL_ENABLE_DEBUG_INFO = NO;
				MTL_FAST_MATH = YES;
				SDKROOT = iphoneos;
				SWIFT_COMPILATION_MODE = wholemodule;
				VALIDATE_PRODUCT = YES;
			};
			name = Release;
		};
		CB55559F2AD8305900784E9E /* Debug */ = {
			isa = XCBuildConfiguration;
			baseConfigurationReference = 9406CFC22088CE7341799374 /* Pods-Howdy.debug.xcconfig */;
			buildSettings = {
				ASSETCATALOG_COMPILER_APPICON_NAME = AppIcon;
				ASSETCATALOG_COMPILER_GLOBAL_ACCENT_COLOR_NAME = AccentColor;
				CODE_SIGN_STYLE = Automatic;
				CURRENT_PROJECT_VERSION = 1;
				DEVELOPMENT_TEAM = BGN6VU2329;
				ENABLE_USER_SCRIPT_SANDBOXING = NO;
				GENERATE_INFOPLIST_FILE = YES;
				INFOPLIST_FILE = Howdy/Info.plist;
				INFOPLIST_KEY_UIApplicationSupportsIndirectInputEvents = YES;
				INFOPLIST_KEY_UILaunchStoryboardName = LaunchScreen;
				INFOPLIST_KEY_UISupportedInterfaceOrientations = UIInterfaceOrientationPortrait;
				INFOPLIST_KEY_UISupportedInterfaceOrientations_iPad = "UIInterfaceOrientationLandscapeLeft UIInterfaceOrientationLandscapeRight UIInterfaceOrientationPortrait UIInterfaceOrientationPortraitUpsideDown";
				INFOPLIST_KEY_UIUserInterfaceStyle = Dark;
				LD_RUNPATH_SEARCH_PATHS = (
					"$(inherited)",
					"@executable_path/Frameworks",
				);
				MARKETING_VERSION = 1.0;
				PRODUCT_BUNDLE_IDENTIFIER = com.nakazatofuta.Howdy;
				PRODUCT_NAME = "$(TARGET_NAME)";
				SWIFT_EMIT_LOC_STRINGS = YES;
				SWIFT_VERSION = 5.0;
				TARGETED_DEVICE_FAMILY = "1,2";
			};
			name = Debug;
		};
		CB5555A02AD8305900784E9E /* Release */ = {
			isa = XCBuildConfiguration;
			baseConfigurationReference = D9388E4436FE1218A0E66111 /* Pods-Howdy.release.xcconfig */;
			buildSettings = {
				ASSETCATALOG_COMPILER_APPICON_NAME = AppIcon;
				ASSETCATALOG_COMPILER_GLOBAL_ACCENT_COLOR_NAME = AccentColor;
				CODE_SIGN_STYLE = Automatic;
				CURRENT_PROJECT_VERSION = 1;
				DEVELOPMENT_TEAM = BGN6VU2329;
				ENABLE_USER_SCRIPT_SANDBOXING = NO;
				GENERATE_INFOPLIST_FILE = YES;
				INFOPLIST_FILE = Howdy/Info.plist;
				INFOPLIST_KEY_UIApplicationSupportsIndirectInputEvents = YES;
				INFOPLIST_KEY_UILaunchStoryboardName = LaunchScreen;
				INFOPLIST_KEY_UISupportedInterfaceOrientations = UIInterfaceOrientationPortrait;
				INFOPLIST_KEY_UISupportedInterfaceOrientations_iPad = "UIInterfaceOrientationLandscapeLeft UIInterfaceOrientationLandscapeRight UIInterfaceOrientationPortrait UIInterfaceOrientationPortraitUpsideDown";
				INFOPLIST_KEY_UIUserInterfaceStyle = Dark;
				LD_RUNPATH_SEARCH_PATHS = (
					"$(inherited)",
					"@executable_path/Frameworks",
				);
				MARKETING_VERSION = 1.0;
				PRODUCT_BUNDLE_IDENTIFIER = com.nakazatofuta.Howdy;
				PRODUCT_NAME = "$(TARGET_NAME)";
				SWIFT_EMIT_LOC_STRINGS = YES;
				SWIFT_VERSION = 5.0;
				TARGETED_DEVICE_FAMILY = "1,2";
			};
			name = Release;
		};
		CB5555A22AD8305900784E9E /* Debug */ = {
			isa = XCBuildConfiguration;
			baseConfigurationReference = 7C30164849641A49FAFF6196 /* Pods-HowdyTests.debug.xcconfig */;
			buildSettings = {
				ALWAYS_EMBED_SWIFT_STANDARD_LIBRARIES = YES;
				BUNDLE_LOADER = "$(TEST_HOST)";
				CODE_SIGN_STYLE = Automatic;
				CURRENT_PROJECT_VERSION = 1;
				DEVELOPMENT_TEAM = BGN6VU2329;
				GENERATE_INFOPLIST_FILE = YES;
				IPHONEOS_DEPLOYMENT_TARGET = 17.0;
				MARKETING_VERSION = 1.0;
				PRODUCT_BUNDLE_IDENTIFIER = com.nakazatofuta.HowdyTests;
				PRODUCT_NAME = "$(TARGET_NAME)";
				SWIFT_EMIT_LOC_STRINGS = NO;
				SWIFT_VERSION = 5.0;
				TARGETED_DEVICE_FAMILY = "1,2";
				TEST_HOST = "$(BUILT_PRODUCTS_DIR)/Howdy.app/$(BUNDLE_EXECUTABLE_FOLDER_PATH)/Howdy";
			};
			name = Debug;
		};
		CB5555A32AD8305900784E9E /* Release */ = {
			isa = XCBuildConfiguration;
			baseConfigurationReference = 0A63D114B50AE60C040F695F /* Pods-HowdyTests.release.xcconfig */;
			buildSettings = {
				ALWAYS_EMBED_SWIFT_STANDARD_LIBRARIES = YES;
				BUNDLE_LOADER = "$(TEST_HOST)";
				CODE_SIGN_STYLE = Automatic;
				CURRENT_PROJECT_VERSION = 1;
				DEVELOPMENT_TEAM = BGN6VU2329;
				GENERATE_INFOPLIST_FILE = YES;
				IPHONEOS_DEPLOYMENT_TARGET = 17.0;
				MARKETING_VERSION = 1.0;
				PRODUCT_BUNDLE_IDENTIFIER = com.nakazatofuta.HowdyTests;
				PRODUCT_NAME = "$(TARGET_NAME)";
				SWIFT_EMIT_LOC_STRINGS = NO;
				SWIFT_VERSION = 5.0;
				TARGETED_DEVICE_FAMILY = "1,2";
				TEST_HOST = "$(BUILT_PRODUCTS_DIR)/Howdy.app/$(BUNDLE_EXECUTABLE_FOLDER_PATH)/Howdy";
			};
			name = Release;
		};
		CB5555A52AD8305900784E9E /* Debug */ = {
			isa = XCBuildConfiguration;
			baseConfigurationReference = 757B6741141973C02A250D19 /* Pods-Howdy-HowdyUITests.debug.xcconfig */;
			buildSettings = {
				ALWAYS_EMBED_SWIFT_STANDARD_LIBRARIES = YES;
				CODE_SIGN_STYLE = Automatic;
				CURRENT_PROJECT_VERSION = 1;
				DEVELOPMENT_TEAM = BGN6VU2329;
				GENERATE_INFOPLIST_FILE = YES;
				MARKETING_VERSION = 1.0;
				PRODUCT_BUNDLE_IDENTIFIER = com.nakazatofuta.HowdyUITests;
				PRODUCT_NAME = "$(TARGET_NAME)";
				SWIFT_EMIT_LOC_STRINGS = NO;
				SWIFT_VERSION = 5.0;
				TARGETED_DEVICE_FAMILY = "1,2";
				TEST_TARGET_NAME = Howdy;
			};
			name = Debug;
		};
		CB5555A62AD8305900784E9E /* Release */ = {
			isa = XCBuildConfiguration;
			baseConfigurationReference = 0800F76B0E24D1E393D937E8 /* Pods-Howdy-HowdyUITests.release.xcconfig */;
			buildSettings = {
				ALWAYS_EMBED_SWIFT_STANDARD_LIBRARIES = YES;
				CODE_SIGN_STYLE = Automatic;
				CURRENT_PROJECT_VERSION = 1;
				DEVELOPMENT_TEAM = BGN6VU2329;
				GENERATE_INFOPLIST_FILE = YES;
				MARKETING_VERSION = 1.0;
				PRODUCT_BUNDLE_IDENTIFIER = com.nakazatofuta.HowdyUITests;
				PRODUCT_NAME = "$(TARGET_NAME)";
				SWIFT_EMIT_LOC_STRINGS = NO;
				SWIFT_VERSION = 5.0;
				TARGETED_DEVICE_FAMILY = "1,2";
				TEST_TARGET_NAME = Howdy;
			};
			name = Release;
		};
/* End XCBuildConfiguration section */

/* Begin XCConfigurationList section */
		CB55556F2AD8305600784E9E /* Build configuration list for PBXProject "Howdy" */ = {
			isa = XCConfigurationList;
			buildConfigurations = (
				CB55559C2AD8305900784E9E /* Debug */,
				CB55559D2AD8305900784E9E /* Release */,
			);
			defaultConfigurationIsVisible = 0;
			defaultConfigurationName = Release;
		};
		CB55559E2AD8305900784E9E /* Build configuration list for PBXNativeTarget "Howdy" */ = {
			isa = XCConfigurationList;
			buildConfigurations = (
				CB55559F2AD8305900784E9E /* Debug */,
				CB5555A02AD8305900784E9E /* Release */,
			);
			defaultConfigurationIsVisible = 0;
			defaultConfigurationName = Release;
		};
		CB5555A12AD8305900784E9E /* Build configuration list for PBXNativeTarget "HowdyTests" */ = {
			isa = XCConfigurationList;
			buildConfigurations = (
				CB5555A22AD8305900784E9E /* Debug */,
				CB5555A32AD8305900784E9E /* Release */,
			);
			defaultConfigurationIsVisible = 0;
			defaultConfigurationName = Release;
		};
		CB5555A42AD8305900784E9E /* Build configuration list for PBXNativeTarget "HowdyUITests" */ = {
			isa = XCConfigurationList;
			buildConfigurations = (
				CB5555A52AD8305900784E9E /* Debug */,
				CB5555A62AD8305900784E9E /* Release */,
			);
			defaultConfigurationIsVisible = 0;
			defaultConfigurationName = Release;
		};
/* End XCConfigurationList section */
	};
	rootObject = CB55556C2AD8305600784E9E /* Project object */;
}
