// !$*UTF8*$!
{
	archiveVersion = 1;
	classes = {
	};
	objectVersion = 56;
	objects = {

/* Begin PBXBuildFile section */
		CB5555782AD8305600784E9E /* AppDelegate.swift in Sources */ = {isa = PBXBuildFile; fileRef = CB5555772AD8305600784E9E /* AppDelegate.swift */; };
		CB55557A2AD8305600784E9E /* SceneDelegate.swift in Sources */ = {isa = PBXBuildFile; fileRef = CB5555792AD8305600784E9E /* SceneDelegate.swift */; };
		CB55557C2AD8305600784E9E /* ViewController.swift in Sources */ = {isa = PBXBuildFile; fileRef = CB55557B2AD8305600784E9E /* ViewController.swift */; };
		CB55557F2AD8305600784E9E /* Main.storyboard in Resources */ = {isa = PBXBuildFile; fileRef = CB55557D2AD8305600784E9E /* Main.storyboard */; };
		CB5555812AD8305800784E9E /* Assets.xcassets in Resources */ = {isa = PBXBuildFile; fileRef = CB5555802AD8305800784E9E /* Assets.xcassets */; };
		CB5555842AD8305800784E9E /* LaunchScreen.storyboard in Resources */ = {isa = PBXBuildFile; fileRef = CB5555822AD8305800784E9E /* LaunchScreen.storyboard */; };
		CB55558F2AD8305900784E9E /* HowdyTests.swift in Sources */ = {isa = PBXBuildFile; fileRef = CB55558E2AD8305900784E9E /* HowdyTests.swift */; };
		CB5555992AD8305900784E9E /* HowdyUITests.swift in Sources */ = {isa = PBXBuildFile; fileRef = CB5555982AD8305900784E9E /* HowdyUITests.swift */; };
		CB55559B2AD8305900784E9E /* HowdyUITestsLaunchTests.swift in Sources */ = {isa = PBXBuildFile; fileRef = CB55559A2AD8305900784E9E /* HowdyUITestsLaunchTests.swift */; };
/* End PBXBuildFile section */

/* Begin PBXContainerItemProxy section */
		CB55558B2AD8305900784E9E /* PBXContainerItemProxy */ = {
			isa = PBXContainerItemProxy;
			containerPortal = CB55556C2AD8305600784E9E /* Project object */;
			proxyType = 1;
			remoteGlobalIDString = CB5555732AD8305600784E9E;
			remoteInfo = Howdy;
		};
		CB5555952AD8305900784E9E /* PBXContainerItemProxy */ = {
			isa = PBXContainerItemProxy;
			containerPortal = CB55556C2AD8305600784E9E /* Project object */;
			proxyType = 1;
			remoteGlobalIDString = CB5555732AD8305600784E9E;
			remoteInfo = Howdy;
		};
/* End PBXContainerItemProxy section */

/* Begin PBXFileReference section */
		CB5555742AD8305600784E9E /* Howdy.app */ = {isa = PBXFileReference; explicitFileType = wrapper.application; includeInIndex = 0; path = Howdy.app; sourceTree = BUILT_PRODUCTS_DIR; };
		CB5555772AD8305600784E9E /* AppDelegate.swift */ = {isa = PBXFileReference; lastKnownFileType = sourcecode.swift; path = AppDelegate.swift; sourceTree = "<group>"; };
		CB5555792AD8305600784E9E /* SceneDelegate.swift */ = {isa = PBXFileReference; lastKnownFileType = sourcecode.swift; path = SceneDelegate.swift; sourceTree = "<group>"; };
		CB55557B2AD8305600784E9E /* ViewController.swift */ = {isa = PBXFileReference; lastKnownFileType = sourcecode.swift; path = ViewController.swift; sourceTree = "<group>"; };
		CB55557E2AD8305600784E9E /* Base */ = {isa = PBXFileReference; lastKnownFileType = file.storyboard; name = Base; path = Base.lproj/Main.storyboard; sourceTree = "<group>"; };
		CB5555802AD8305800784E9E /* Assets.xcassets */ = {isa = PBXFileReference; lastKnownFileType = folder.assetcatalog; path = Assets.xcassets; sourceTree = "<group>"; };
		CB5555832AD8305800784E9E /* Base */ = {isa = PBXFileReference; lastKnownFileType = file.storyboard; name = Base; path = Base.lproj/LaunchScreen.storyboard; sourceTree = "<group>"; };
		CB5555852AD8305800784E9E /* Info.plist */ = {isa = PBXFileReference; lastKnownFileType = text.plist.xml; path = Info.plist; sourceTree = "<group>"; };
		CB55558A2AD8305900784E9E /* HowdyTests.xctest */ = {isa = PBXFileReference; explicitFileType = wrapper.cfbundle; includeInIndex = 0; path = HowdyTests.xctest; sourceTree = BUILT_PRODUCTS_DIR; };
		CB55558E2AD8305900784E9E /* HowdyTests.swift */ = {isa = PBXFileReference; lastKnownFileType = sourcecode.swift; path = HowdyTests.swift; sourceTree = "<group>"; };
		CB5555942AD8305900784E9E /* HowdyUITests.xctest */ = {isa = PBXFileReference; explicitFileType = wrapper.cfbundle; includeInIndex = 0; path = HowdyUITests.xctest; sourceTree = BUILT_PRODUCTS_DIR; };
		CB5555982AD8305900784E9E /* HowdyUITests.swift */ = {isa = PBXFileReference; lastKnownFileType = sourcecode.swift; path = HowdyUITests.swift; sourceTree = "<group>"; };
		CB55559A2AD8305900784E9E /* HowdyUITestsLaunchTests.swift */ = {isa = PBXFileReference; lastKnownFileType = sourcecode.swift; path = HowdyUITestsLaunchTests.swift; sourceTree = "<group>"; };
/* End PBXFileReference section */

/* Begin PBXFrameworksBuildPhase section */
		CB5555712AD8305600784E9E /* Frameworks */ = {
			isa = PBXFrameworksBuildPhase;
			buildActionMask = 2147483647;
			files = (
			);
			runOnlyForDeploymentPostprocessing = 0;
		};
		CB5555872AD8305900784E9E /* Frameworks */ = {
			isa = PBXFrameworksBuildPhase;
			buildActionMask = 2147483647;
			files = (
			);
			runOnlyForDeploymentPostprocessing = 0;
		};
		CB5555912AD8305900784E9E /* Frameworks */ = {
			isa = PBXFrameworksBuildPhase;
			buildActionMask = 2147483647;
			files = (
			);
			runOnlyForDeploymentPostprocessing = 0;
		};
/* End PBXFrameworksBuildPhase section */

/* Begin PBXGroup section */
		CB55556B2AD8305600784E9E = {
			isa = PBXGroup;
			children = (
				CB5555762AD8305600784E9E /* Howdy */,
				CB55558D2AD8305900784E9E /* HowdyTests */,
				CB5555972AD8305900784E9E /* HowdyUITests */,
				CB5555752AD8305600784E9E /* Products */,
			);
			sourceTree = "<group>";
		};
		CB5555752AD8305600784E9E /* Products */ = {
			isa = PBXGroup;
			children = (
				CB5555742AD8305600784E9E /* Howdy.app */,
				CB55558A2AD8305900784E9E /* HowdyTests.xctest */,
				CB5555942AD8305900784E9E /* HowdyUITests.xctest */,
			);
			name = Products;
			sourceTree = "<group>";
		};
		CB5555762AD8305600784E9E /* Howdy */ = {
			isa = PBXGroup;
			children = (
				CB5555772AD8305600784E9E /* AppDelegate.swift */,
				CB5555792AD8305600784E9E /* SceneDelegate.swift */,
				CB55557B2AD8305600784E9E /* ViewController.swift */,
				CB55557D2AD8305600784E9E /* Main.storyboard */,
				CB5555802AD8305800784E9E /* Assets.xcassets */,
				CB5555822AD8305800784E9E /* LaunchScreen.storyboard */,
				CB5555852AD8305800784E9E /* Info.plist */,
			);
			path = Howdy;
			sourceTree = "<group>";
		};
		CB55558D2AD8305900784E9E /* HowdyTests */ = {
			isa = PBXGroup;
			children = (
				CB55558E2AD8305900784E9E /* HowdyTests.swift */,
			);
			path = HowdyTests;
			sourceTree = "<group>";
		};
		CB5555972AD8305900784E9E /* HowdyUITests */ = {
			isa = PBXGroup;
			children = (
				CB5555982AD8305900784E9E /* HowdyUITests.swift */,
				CB55559A2AD8305900784E9E /* HowdyUITestsLaunchTests.swift */,
			);
			path = HowdyUITests;
			sourceTree = "<group>";
		};
/* End PBXGroup section */

/* Begin PBXNativeTarget section */
		CB5555732AD8305600784E9E /* Howdy */ = {
			isa = PBXNativeTarget;
			buildConfigurationList = CB55559E2AD8305900784E9E /* Build configuration list for PBXNativeTarget "Howdy" */;
			buildPhases = (
				CB5555702AD8305600784E9E /* Sources */,
				CB5555712AD8305600784E9E /* Frameworks */,
				CB5555722AD8305600784E9E /* Resources */,
			);
			buildRules = (
			);
			dependencies = (
			);
			name = Howdy;
			productName = Howdy;
			productReference = CB5555742AD8305600784E9E /* Howdy.app */;
			productType = "com.apple.product-type.application";
		};
		CB5555892AD8305900784E9E /* HowdyTests */ = {
			isa = PBXNativeTarget;
			buildConfigurationList = CB5555A12AD8305900784E9E /* Build configuration list for PBXNativeTarget "HowdyTests" */;
			buildPhases = (
				CB5555862AD8305900784E9E /* Sources */,
				CB5555872AD8305900784E9E /* Frameworks */,
				CB5555882AD8305900784E9E /* Resources */,
			);
			buildRules = (
			);
			dependencies = (
				CB55558C2AD8305900784E9E /* PBXTargetDependency */,
			);
			name = HowdyTests;
			productName = HowdyTests;
			productReference = CB55558A2AD8305900784E9E /* HowdyTests.xctest */;
			productType = "com.apple.product-type.bundle.unit-test";
		};
		CB5555932AD8305900784E9E /* HowdyUITests */ = {
			isa = PBXNativeTarget;
			buildConfigurationList = CB5555A42AD8305900784E9E /* Build configuration list for PBXNativeTarget "HowdyUITests" */;
			buildPhases = (
				CB5555902AD8305900784E9E /* Sources */,
				CB5555912AD8305900784E9E /* Frameworks */,
				CB5555922AD8305900784E9E /* Resources */,
			);
			buildRules = (
			);
			dependencies = (
				CB5555962AD8305900784E9E /* PBXTargetDependency */,
			);
			name = HowdyUITests;
			productName = HowdyUITests;
			productReference = CB5555942AD8305900784E9E /* HowdyUITests.xctest */;
			productType = "com.apple.product-type.bundle.ui-testing";
		};
/* End PBXNativeTarget section */

/* Begin PBXProject section */
		CB55556C2AD8305600784E9E /* Project object */ = {
			isa = PBXProject;
			attributes = {
				BuildIndependentTargetsInParallel = 1;
				LastSwiftUpdateCheck = 1500;
				LastUpgradeCheck = 1500;
				TargetAttributes = {
					CB5555732AD8305600784E9E = {
						CreatedOnToolsVersion = 15.0;
					};
					CB5555892AD8305900784E9E = {
						CreatedOnToolsVersion = 15.0;
						TestTargetID = CB5555732AD8305600784E9E;
					};
					CB5555932AD8305900784E9E = {
						CreatedOnToolsVersion = 15.0;
						TestTargetID = CB5555732AD8305600784E9E;
					};
				};
			};
			buildConfigurationList = CB55556F2AD8305600784E9E /* Build configuration list for PBXProject "Howdy" */;
			compatibilityVersion = "Xcode 14.0";
			developmentRegion = en;
			hasScannedForEncodings = 0;
			knownRegions = (
				en,
				Base,
			);
			mainGroup = CB55556B2AD8305600784E9E;
			productRefGroup = CB5555752AD8305600784E9E /* Products */;
			projectDirPath = "";
			projectRoot = "";
			targets = (
				CB5555732AD8305600784E9E /* Howdy */,
				CB5555892AD8305900784E9E /* HowdyTests */,
				CB5555932AD8305900784E9E /* HowdyUITests */,
			);
		};
/* End PBXProject section */

/* Begin PBXResourcesBuildPhase section */
		CB5555722AD8305600784E9E /* Resources */ = {
			isa = PBXResourcesBuildPhase;
			buildActionMask = 2147483647;
			files = (
				CB5555842AD8305800784E9E /* LaunchScreen.storyboard in Resources */,
				CB5555812AD8305800784E9E /* Assets.xcassets in Resources */,
				CB55557F2AD8305600784E9E /* Main.storyboard in Resources */,
			);
			runOnlyForDeploymentPostprocessing = 0;
		};
		CB5555882AD8305900784E9E /* Resources */ = {
			isa = PBXResourcesBuildPhase;
			buildActionMask = 2147483647;
			files = (
			);
			runOnlyForDeploymentPostprocessing = 0;
		};
		CB5555922AD8305900784E9E /* Resources */ = {
			isa = PBXResourcesBuildPhase;
			buildActionMask = 2147483647;
			files = (
			);
			runOnlyForDeploymentPostprocessing = 0;
		};
/* End PBXResourcesBuildPhase section */

/* Begin PBXSourcesBuildPhase section */
		CB5555702AD8305600784E9E /* Sources */ = {
			isa = PBXSourcesBuildPhase;
			buildActionMask = 2147483647;
			files = (
				CB55557C2AD8305600784E9E /* ViewController.swift in Sources */,
				CB5555782AD8305600784E9E /* AppDelegate.swift in Sources */,
				CB55557A2AD8305600784E9E /* SceneDelegate.swift in Sources */,
			);
			runOnlyForDeploymentPostprocessing = 0;
		};
		CB5555862AD8305900784E9E /* Sources */ = {
			isa = PBXSourcesBuildPhase;
			buildActionMask = 2147483647;
			files = (
				CB55558F2AD8305900784E9E /* HowdyTests.swift in Sources */,
			);
			runOnlyForDeploymentPostprocessing = 0;
		};
		CB5555902AD8305900784E9E /* Sources */ = {
			isa = PBXSourcesBuildPhase;
			buildActionMask = 2147483647;
			files = (
				CB55559B2AD8305900784E9E /* HowdyUITestsLaunchTests.swift in Sources */,
				CB5555992AD8305900784E9E /* HowdyUITests.swift in Sources */,
			);
			runOnlyForDeploymentPostprocessing = 0;
		};
/* End PBXSourcesBuildPhase section */

/* Begin PBXTargetDependency section */
		CB55558C2AD8305900784E9E /* PBXTargetDependency */ = {
			isa = PBXTargetDependency;
			target = CB5555732AD8305600784E9E /* Howdy */;
			targetProxy = CB55558B2AD8305900784E9E /* PBXContainerItemProxy */;
		};
		CB5555962AD8305900784E9E /* PBXTargetDependency */ = {
			isa = PBXTargetDependency;
			target = CB5555732AD8305600784E9E /* Howdy */;
			targetProxy = CB5555952AD8305900784E9E /* PBXContainerItemProxy */;
		};
/* End PBXTargetDependency section */

/* Begin PBXVariantGroup section */
		CB55557D2AD8305600784E9E /* Main.storyboard */ = {
			isa = PBXVariantGroup;
			children = (
				CB55557E2AD8305600784E9E /* Base */,
			);
			name = Main.storyboard;
			sourceTree = "<group>";
		};
		CB5555822AD8305800784E9E /* LaunchScreen.storyboard */ = {
			isa = PBXVariantGroup;
			children = (
				CB5555832AD8305800784E9E /* Base */,
			);
			name = LaunchScreen.storyboard;
			sourceTree = "<group>";
		};
/* End PBXVariantGroup section */

/* Begin XCBuildConfiguration section */
		CB55559C2AD8305900784E9E /* Debug */ = {
			isa = XCBuildConfiguration;
			buildSettings = {
				ALWAYS_SEARCH_USER_PATHS = NO;
				ASSETCATALOG_COMPILER_GENERATE_SWIFT_ASSET_SYMBOL_EXTENSIONS = YES;
				CLANG_ANALYZER_NONNULL = YES;
				CLANG_ANALYZER_NUMBER_OBJECT_CONVERSION = YES_AGGRESSIVE;
				CLANG_CXX_LANGUAGE_STANDARD = "gnu++20";
				CLANG_ENABLE_MODULES = YES;
				CLANG_ENABLE_OBJC_ARC = YES;
				CLANG_ENABLE_OBJC_WEAK = YES;
				CLANG_WARN_BLOCK_CAPTURE_AUTORELEASING = YES;
				CLANG_WARN_BOOL_CONVERSION = YES;
				CLANG_WARN_COMMA = YES;
				CLANG_WARN_CONSTANT_CONVERSION = YES;
				CLANG_WARN_DEPRECATED_OBJC_IMPLEMENTATIONS = YES;
				CLANG_WARN_DIRECT_OBJC_ISA_USAGE = YES_ERROR;
				CLANG_WARN_DOCUMENTATION_COMMENTS = YES;
				CLANG_WARN_EMPTY_BODY = YES;
				CLANG_WARN_ENUM_CONVERSION = YES;
				CLANG_WARN_INFINITE_RECURSION = YES;
				CLANG_WARN_INT_CONVERSION = YES;
				CLANG_WARN_NON_LITERAL_NULL_CONVERSION = YES;
				CLANG_WARN_OBJC_IMPLICIT_RETAIN_SELF = YES;
				CLANG_WARN_OBJC_LITERAL_CONVERSION = YES;
				CLANG_WARN_OBJC_ROOT_CLASS = YES_ERROR;
				CLANG_WARN_QUOTED_INCLUDE_IN_FRAMEWORK_HEADER = YES;
				CLANG_WARN_RANGE_LOOP_ANALYSIS = YES;
				CLANG_WARN_STRICT_PROTOTYPES = YES;
				CLANG_WARN_SUSPICIOUS_MOVE = YES;
				CLANG_WARN_UNGUARDED_AVAILABILITY = YES_AGGRESSIVE;
				CLANG_WARN_UNREACHABLE_CODE = YES;
				CLANG_WARN__DUPLICATE_METHOD_MATCH = YES;
				COPY_PHASE_STRIP = NO;
				DEBUG_INFORMATION_FORMAT = dwarf;
				ENABLE_STRICT_OBJC_MSGSEND = YES;
				ENABLE_TESTABILITY = YES;
				ENABLE_USER_SCRIPT_SANDBOXING = YES;
				GCC_C_LANGUAGE_STANDARD = gnu17;
				GCC_DYNAMIC_NO_PIC = NO;
				GCC_NO_COMMON_BLOCKS = YES;
				GCC_OPTIMIZATION_LEVEL = 0;
				GCC_PREPROCESSOR_DEFINITIONS = (
					"DEBUG=1",
					"$(inherited)",
				);
				GCC_WARN_64_TO_32_BIT_CONVERSION = YES;
				GCC_WARN_ABOUT_RETURN_TYPE = YES_ERROR;
				GCC_WARN_UNDECLARED_SELECTOR = YES;
				GCC_WARN_UNINITIALIZED_AUTOS = YES_AGGRESSIVE;
				GCC_WARN_UNUSED_FUNCTION = YES;
				GCC_WARN_UNUSED_VARIABLE = YES;
				IPHONEOS_DEPLOYMENT_TARGET = 17.0;
				LOCALIZATION_PREFERS_STRING_CATALOGS = YES;
				MTL_ENABLE_DEBUG_INFO = INCLUDE_SOURCE;
				MTL_FAST_MATH = YES;
				ONLY_ACTIVE_ARCH = YES;
				SDKROOT = iphoneos;
				SWIFT_ACTIVE_COMPILATION_CONDITIONS = "DEBUG $(inherited)";
				SWIFT_OPTIMIZATION_LEVEL = "-Onone";
			};
			name = Debug;
		};
		CB55559D2AD8305900784E9E /* Release */ = {
			isa = XCBuildConfiguration;
			buildSettings = {
				ALWAYS_SEARCH_USER_PATHS = NO;
				ASSETCATALOG_COMPILER_GENERATE_SWIFT_ASSET_SYMBOL_EXTENSIONS = YES;
				CLANG_ANALYZER_NONNULL = YES;
				CLANG_ANALYZER_NUMBER_OBJECT_CONVERSION = YES_AGGRESSIVE;
				CLANG_CXX_LANGUAGE_STANDARD = "gnu++20";
				CLANG_ENABLE_MODULES = YES;
				CLANG_ENABLE_OBJC_ARC = YES;
				CLANG_ENABLE_OBJC_WEAK = YES;
				CLANG_WARN_BLOCK_CAPTURE_AUTORELEASING = YES;
				CLANG_WARN_BOOL_CONVERSION = YES;
				CLANG_WARN_COMMA = YES;
				CLANG_WARN_CONSTANT_CONVERSION = YES;
				CLANG_WARN_DEPRECATED_OBJC_IMPLEMENTATIONS = YES;
				CLANG_WARN_DIRECT_OBJC_ISA_USAGE = YES_ERROR;
				CLANG_WARN_DOCUMENTATION_COMMENTS = YES;
				CLANG_WARN_EMPTY_BODY = YES;
				CLANG_WARN_ENUM_CONVERSION = YES;
				CLANG_WARN_INFINITE_RECURSION = YES;
				CLANG_WARN_INT_CONVERSION = YES;
				CLANG_WARN_NON_LITERAL_NULL_CONVERSION = YES;
				CLANG_WARN_OBJC_IMPLICIT_RETAIN_SELF = YES;
				CLANG_WARN_OBJC_LITERAL_CONVERSION = YES;
				CLANG_WARN_OBJC_ROOT_CLASS = YES_ERROR;
				CLANG_WARN_QUOTED_INCLUDE_IN_FRAMEWORK_HEADER = YES;
				CLANG_WARN_RANGE_LOOP_ANALYSIS = YES;
				CLANG_WARN_STRICT_PROTOTYPES = YES;
				CLANG_WARN_SUSPICIOUS_MOVE = YES;
				CLANG_WARN_UNGUARDED_AVAILABILITY = YES_AGGRESSIVE;
				CLANG_WARN_UNREACHABLE_CODE = YES;
				CLANG_WARN__DUPLICATE_METHOD_MATCH = YES;
				COPY_PHASE_STRIP = NO;
				DEBUG_INFORMATION_FORMAT = "dwarf-with-dsym";
				ENABLE_NS_ASSERTIONS = NO;
				ENABLE_STRICT_OBJC_MSGSEND = YES;
				ENABLE_USER_SCRIPT_SANDBOXING = YES;
				GCC_C_LANGUAGE_STANDARD = gnu17;
				GCC_NO_COMMON_BLOCKS = YES;
				GCC_WARN_64_TO_32_BIT_CONVERSION = YES;
				GCC_WARN_ABOUT_RETURN_TYPE = YES_ERROR;
				GCC_WARN_UNDECLARED_SELECTOR = YES;
				GCC_WARN_UNINITIALIZED_AUTOS = YES_AGGRESSIVE;
				GCC_WARN_UNUSED_FUNCTION = YES;
				GCC_WARN_UNUSED_VARIABLE = YES;
				IPHONEOS_DEPLOYMENT_TARGET = 17.0;
				LOCALIZATION_PREFERS_STRING_CATALOGS = YES;
				MTL_ENABLE_DEBUG_INFO = NO;
				MTL_FAST_MATH = YES;
				SDKROOT = iphoneos;
				SWIFT_COMPILATION_MODE = wholemodule;
				VALIDATE_PRODUCT = YES;
			};
			name = Release;
		};
		CB55559F2AD8305900784E9E /* Debug */ = {
			isa = XCBuildConfiguration;
			buildSettings = {
				ASSETCATALOG_COMPILER_APPICON_NAME = AppIcon;
				ASSETCATALOG_COMPILER_GLOBAL_ACCENT_COLOR_NAME = AccentColor;
				CODE_SIGN_STYLE = Automatic;
				CURRENT_PROJECT_VERSION = 1;
				DEVELOPMENT_TEAM = BGN6VU2329;
				GENERATE_INFOPLIST_FILE = YES;
				INFOPLIST_FILE = Howdy/Info.plist;
				INFOPLIST_KEY_UIApplicationSupportsIndirectInputEvents = YES;
				INFOPLIST_KEY_UILaunchStoryboardName = LaunchScreen;
				INFOPLIST_KEY_UIMainStoryboardFile = Main;
				INFOPLIST_KEY_UISupportedInterfaceOrientations_iPad = "UIInterfaceOrientationPortrait UIInterfaceOrientationPortraitUpsideDown UIInterfaceOrientationLandscapeLeft UIInterfaceOrientationLandscapeRight";
				INFOPLIST_KEY_UISupportedInterfaceOrientations_iPhone = "UIInterfaceOrientationPortrait UIInterfaceOrientationLandscapeLeft UIInterfaceOrientationLandscapeRight";
				LD_RUNPATH_SEARCH_PATHS = (
					"$(inherited)",
					"@executable_path/Frameworks",
				);
				MARKETING_VERSION = 1.0;
				PRODUCT_BUNDLE_IDENTIFIER = "com.nakazato-f.Howdy";
				PRODUCT_NAME = "$(TARGET_NAME)";
				SWIFT_EMIT_LOC_STRINGS = YES;
				SWIFT_VERSION = 5.0;
				TARGETED_DEVICE_FAMILY = "1,2";
			};
			name = Debug;
		};
		CB5555A02AD8305900784E9E /* Release */ = {
			isa = XCBuildConfiguration;
			buildSettings = {
				ASSETCATALOG_COMPILER_APPICON_NAME = AppIcon;
				ASSETCATALOG_COMPILER_GLOBAL_ACCENT_COLOR_NAME = AccentColor;
				CODE_SIGN_STYLE = Automatic;
				CURRENT_PROJECT_VERSION = 1;
				DEVELOPMENT_TEAM = BGN6VU2329;
				GENERATE_INFOPLIST_FILE = YES;
				INFOPLIST_FILE = Howdy/Info.plist;
				INFOPLIST_KEY_UIApplicationSupportsIndirectInputEvents = YES;
				INFOPLIST_KEY_UILaunchStoryboardName = LaunchScreen;
				INFOPLIST_KEY_UIMainStoryboardFile = Main;
				INFOPLIST_KEY_UISupportedInterfaceOrientations_iPad = "UIInterfaceOrientationPortrait UIInterfaceOrientationPortraitUpsideDown UIInterfaceOrientationLandscapeLeft UIInterfaceOrientationLandscapeRight";
				INFOPLIST_KEY_UISupportedInterfaceOrientations_iPhone = "UIInterfaceOrientationPortrait UIInterfaceOrientationLandscapeLeft UIInterfaceOrientationLandscapeRight";
				LD_RUNPATH_SEARCH_PATHS = (
					"$(inherited)",
					"@executable_path/Frameworks",
				);
				MARKETING_VERSION = 1.0;
				PRODUCT_BUNDLE_IDENTIFIER = "com.nakazato-f.Howdy";
				PRODUCT_NAME = "$(TARGET_NAME)";
				SWIFT_EMIT_LOC_STRINGS = YES;
				SWIFT_VERSION = 5.0;
				TARGETED_DEVICE_FAMILY = "1,2";
			};
			name = Release;
		};
		CB5555A22AD8305900784E9E /* Debug */ = {
			isa = XCBuildConfiguration;
			buildSettings = {
				ALWAYS_EMBED_SWIFT_STANDARD_LIBRARIES = YES;
				BUNDLE_LOADER = "$(TEST_HOST)";
				CODE_SIGN_STYLE = Automatic;
				CURRENT_PROJECT_VERSION = 1;
				DEVELOPMENT_TEAM = BGN6VU2329;
				GENERATE_INFOPLIST_FILE = YES;
				IPHONEOS_DEPLOYMENT_TARGET = 17.0;
				MARKETING_VERSION = 1.0;
				PRODUCT_BUNDLE_IDENTIFIER = "com.nakazato-f.HowdyTests";
				PRODUCT_NAME = "$(TARGET_NAME)";
				SWIFT_EMIT_LOC_STRINGS = NO;
				SWIFT_VERSION = 5.0;
				TARGETED_DEVICE_FAMILY = "1,2";
				TEST_HOST = "$(BUILT_PRODUCTS_DIR)/Howdy.app/$(BUNDLE_EXECUTABLE_FOLDER_PATH)/Howdy";
			};
			name = Debug;
		};
		CB5555A32AD8305900784E9E /* Release */ = {
			isa = XCBuildConfiguration;
			buildSettings = {
				ALWAYS_EMBED_SWIFT_STANDARD_LIBRARIES = YES;
				BUNDLE_LOADER = "$(TEST_HOST)";
				CODE_SIGN_STYLE = Automatic;
				CURRENT_PROJECT_VERSION = 1;
				DEVELOPMENT_TEAM = BGN6VU2329;
				GENERATE_INFOPLIST_FILE = YES;
				IPHONEOS_DEPLOYMENT_TARGET = 17.0;
				MARKETING_VERSION = 1.0;
				PRODUCT_BUNDLE_IDENTIFIER = "com.nakazato-f.HowdyTests";
				PRODUCT_NAME = "$(TARGET_NAME)";
				SWIFT_EMIT_LOC_STRINGS = NO;
				SWIFT_VERSION = 5.0;
				TARGETED_DEVICE_FAMILY = "1,2";
				TEST_HOST = "$(BUILT_PRODUCTS_DIR)/Howdy.app/$(BUNDLE_EXECUTABLE_FOLDER_PATH)/Howdy";
			};
			name = Release;
		};
		CB5555A52AD8305900784E9E /* Debug */ = {
			isa = XCBuildConfiguration;
			buildSettings = {
				ALWAYS_EMBED_SWIFT_STANDARD_LIBRARIES = YES;
				CODE_SIGN_STYLE = Automatic;
				CURRENT_PROJECT_VERSION = 1;
				DEVELOPMENT_TEAM = BGN6VU2329;
				GENERATE_INFOPLIST_FILE = YES;
				MARKETING_VERSION = 1.0;
				PRODUCT_BUNDLE_IDENTIFIER = "com.nakazato-f.HowdyUITests";
				PRODUCT_NAME = "$(TARGET_NAME)";
				SWIFT_EMIT_LOC_STRINGS = NO;
				SWIFT_VERSION = 5.0;
				TARGETED_DEVICE_FAMILY = "1,2";
				TEST_TARGET_NAME = Howdy;
			};
			name = Debug;
		};
		CB5555A62AD8305900784E9E /* Release */ = {
			isa = XCBuildConfiguration;
			buildSettings = {
				ALWAYS_EMBED_SWIFT_STANDARD_LIBRARIES = YES;
				CODE_SIGN_STYLE = Automatic;
				CURRENT_PROJECT_VERSION = 1;
				DEVELOPMENT_TEAM = BGN6VU2329;
				GENERATE_INFOPLIST_FILE = YES;
				MARKETING_VERSION = 1.0;
				PRODUCT_BUNDLE_IDENTIFIER = "com.nakazato-f.HowdyUITests";
				PRODUCT_NAME = "$(TARGET_NAME)";
				SWIFT_EMIT_LOC_STRINGS = NO;
				SWIFT_VERSION = 5.0;
				TARGETED_DEVICE_FAMILY = "1,2";
				TEST_TARGET_NAME = Howdy;
			};
			name = Release;
		};
/* End XCBuildConfiguration section */

/* Begin XCConfigurationList section */
		CB55556F2AD8305600784E9E /* Build configuration list for PBXProject "Howdy" */ = {
			isa = XCConfigurationList;
			buildConfigurations = (
				CB55559C2AD8305900784E9E /* Debug */,
				CB55559D2AD8305900784E9E /* Release */,
			);
			defaultConfigurationIsVisible = 0;
			defaultConfigurationName = Release;
		};
		CB55559E2AD8305900784E9E /* Build configuration list for PBXNativeTarget "Howdy" */ = {
			isa = XCConfigurationList;
			buildConfigurations = (
				CB55559F2AD8305900784E9E /* Debug */,
				CB5555A02AD8305900784E9E /* Release */,
			);
			defaultConfigurationIsVisible = 0;
			defaultConfigurationName = Release;
		};
		CB5555A12AD8305900784E9E /* Build configuration list for PBXNativeTarget "HowdyTests" */ = {
			isa = XCConfigurationList;
			buildConfigurations = (
				CB5555A22AD8305900784E9E /* Debug */,
				CB5555A32AD8305900784E9E /* Release */,
			);
			defaultConfigurationIsVisible = 0;
			defaultConfigurationName = Release;
		};
		CB5555A42AD8305900784E9E /* Build configuration list for PBXNativeTarget "HowdyUITests" */ = {
			isa = XCConfigurationList;
			buildConfigurations = (
				CB5555A52AD8305900784E9E /* Debug */,
				CB5555A62AD8305900784E9E /* Release */,
			);
			defaultConfigurationIsVisible = 0;
			defaultConfigurationName = Release;
		};
/* End XCConfigurationList section */
	};
	rootObject = CB55556C2AD8305600784E9E /* Project object */;
}
